// !$*UTF8*$!
{
	archiveVersion = 1;
	classes = {
	};
	objectVersion = 56;
	objects = {

/* Begin PBXBuildFile section */
		6244B0F02A541C4E009FFB5C /* NavigationAPIApp.swift in Sources */ = {isa = PBXBuildFile; fileRef = 6244B0EF2A541C4E009FFB5C /* NavigationAPIApp.swift */; };
		6244B0F22A541C4E009FFB5C /* ContentView.swift in Sources */ = {isa = PBXBuildFile; fileRef = 6244B0F12A541C4E009FFB5C /* ContentView.swift */; };
		6244B0F42A541C4F009FFB5C /* Assets.xcassets in Resources */ = {isa = PBXBuildFile; fileRef = 6244B0F32A541C4F009FFB5C /* Assets.xcassets */; };
		6244B0F72A541C4F009FFB5C /* Preview Assets.xcassets in Resources */ = {isa = PBXBuildFile; fileRef = 6244B0F62A541C4F009FFB5C /* Preview Assets.xcassets */; };
		6244B0FE2A542B42009FFB5C /* DetailViewInt.swift in Sources */ = {isa = PBXBuildFile; fileRef = 6244B0FD2A542B42009FFB5C /* DetailViewInt.swift */; };
		6244B1002A542B9A009FFB5C /* DetailViewString.swift in Sources */ = {isa = PBXBuildFile; fileRef = 6244B0FF2A542B9A009FFB5C /* DetailViewString.swift */; };
/* End PBXBuildFile section */

/* Begin PBXFileReference section */
		6244B0EC2A541C4E009FFB5C /* NavigationAPI.app */ = {isa = PBXFileReference; explicitFileType = wrapper.application; includeInIndex = 0; path = NavigationAPI.app; sourceTree = BUILT_PRODUCTS_DIR; };
		6244B0EF2A541C4E009FFB5C /* NavigationAPIApp.swift */ = {isa = PBXFileReference; lastKnownFileType = sourcecode.swift; path = NavigationAPIApp.swift; sourceTree = "<group>"; };
		6244B0F12A541C4E009FFB5C /* ContentView.swift */ = {isa = PBXFileReference; lastKnownFileType = sourcecode.swift; path = ContentView.swift; sourceTree = "<group>"; };
		6244B0F32A541C4F009FFB5C /* Assets.xcassets */ = {isa = PBXFileReference; lastKnownFileType = folder.assetcatalog; path = Assets.xcassets; sourceTree = "<group>"; };
		6244B0F62A541C4F009FFB5C /* Preview Assets.xcassets */ = {isa = PBXFileReference; lastKnownFileType = folder.assetcatalog; path = "Preview Assets.xcassets"; sourceTree = "<group>"; };
		6244B0FD2A542B42009FFB5C /* DetailViewInt.swift */ = {isa = PBXFileReference; lastKnownFileType = sourcecode.swift; path = DetailViewInt.swift; sourceTree = "<group>"; };
		6244B0FF2A542B9A009FFB5C /* DetailViewString.swift */ = {isa = PBXFileReference; lastKnownFileType = sourcecode.swift; path = DetailViewString.swift; sourceTree = "<group>"; };
/* End PBXFileReference section */

/* Begin PBXFrameworksBuildPhase section */
		6244B0E92A541C4E009FFB5C /* Frameworks */ = {
			isa = PBXFrameworksBuildPhase;
			buildActionMask = 2147483647;
			files = (
			);
			runOnlyForDeploymentPostprocessing = 0;
		};
/* End PBXFrameworksBuildPhase section */

/* Begin PBXGroup section */
		6244B0E32A541C4E009FFB5C = {
			isa = PBXGroup;
			children = (
				6244B0EE2A541C4E009FFB5C /* NavigationAPI */,
				6244B0ED2A541C4E009FFB5C /* Products */,
			);
			sourceTree = "<group>";
		};
		6244B0ED2A541C4E009FFB5C /* Products */ = {
			isa = PBXGroup;
			children = (
				6244B0EC2A541C4E009FFB5C /* NavigationAPI.app */,
			);
			name = Products;
			sourceTree = "<group>";
		};
		6244B0EE2A541C4E009FFB5C /* NavigationAPI */ = {
			isa = PBXGroup;
			children = (
				6244B0EF2A541C4E009FFB5C /* NavigationAPIApp.swift */,
				6244B0F12A541C4E009FFB5C /* ContentView.swift */,
				6244B0F32A541C4F009FFB5C /* Assets.xcassets */,
				6244B0F52A541C4F009FFB5C /* Preview Content */,
				6244B0FD2A542B42009FFB5C /* DetailViewInt.swift */,
				6244B0FF2A542B9A009FFB5C /* DetailViewString.swift */,
			);
			path = NavigationAPI;
			sourceTree = "<group>";
		};
		6244B0F52A541C4F009FFB5C /* Preview Content */ = {
			isa = PBXGroup;
			children = (
				6244B0F62A541C4F009FFB5C /* Preview Assets.xcassets */,
			);
			path = "Preview Content";
			sourceTree = "<group>";
		};
/* End PBXGroup section */

/* Begin PBXNativeTarget section */
		6244B0EB2A541C4E009FFB5C /* NavigationAPI */ = {
			isa = PBXNativeTarget;
			buildConfigurationList = 6244B0FA2A541C4F009FFB5C /* Build configuration list for PBXNativeTarget "NavigationAPI" */;
			buildPhases = (
				6244B0E82A541C4E009FFB5C /* Sources */,
				6244B0E92A541C4E009FFB5C /* Frameworks */,
				6244B0EA2A541C4E009FFB5C /* Resources */,
			);
			buildRules = (
			);
			dependencies = (
			);
			name = NavigationAPI;
			productName = NavigationAPI;
			productReference = 6244B0EC2A541C4E009FFB5C /* NavigationAPI.app */;
			productType = "com.apple.product-type.application";
		};
/* End PBXNativeTarget section */

/* Begin PBXProject section */
		6244B0E42A541C4E009FFB5C /* Project object */ = {
			isa = PBXProject;
			attributes = {
				BuildIndependentTargetsInParallel = 1;
				LastSwiftUpdateCheck = 1430;
				LastUpgradeCheck = 1430;
				TargetAttributes = {
					6244B0EB2A541C4E009FFB5C = {
						CreatedOnToolsVersion = 14.3;
					};
				};
			};
			buildConfigurationList = 6244B0E72A541C4E009FFB5C /* Build configuration list for PBXProject "NavigationAPI" */;
			compatibilityVersion = "Xcode 14.0";
			developmentRegion = en;
			hasScannedForEncodings = 0;
			knownRegions = (
				en,
				Base,
			);
			mainGroup = 6244B0E32A541C4E009FFB5C;
			productRefGroup = 6244B0ED2A541C4E009FFB5C /* Products */;
			projectDirPath = "";
			projectRoot = "";
			targets = (
				6244B0EB2A541C4E009FFB5C /* NavigationAPI */,
			);
		};
/* End PBXProject section */

/* Begin PBXResourcesBuildPhase section */
		6244B0EA2A541C4E009FFB5C /* Resources */ = {
			isa = PBXResourcesBuildPhase;
			buildActionMask = 2147483647;
			files = (
				6244B0F72A541C4F009FFB5C /* Preview Assets.xcassets in Resources */,
				6244B0F42A541C4F009FFB5C /* Assets.xcassets in Resources */,
			);
			runOnlyForDeploymentPostprocessing = 0;
		};
/* End PBXResourcesBuildPhase section */

/* Begin PBXSourcesBuildPhase section */
		6244B0E82A541C4E009FFB5C /* Sources */ = {
			isa = PBXSourcesBuildPhase;
			buildActionMask = 2147483647;
			files = (
				6244B0F22A541C4E009FFB5C /* ContentView.swift in Sources */,
				6244B0FE2A542B42009FFB5C /* DetailViewInt.swift in Sources */,
				6244B1002A542B9A009FFB5C /* DetailViewString.swift in Sources */,
				6244B0F02A541C4E009FFB5C /* NavigationAPIApp.swift in Sources */,
			);
			runOnlyForDeploymentPostprocessing = 0;
		};
/* End PBXSourcesBuildPhase section */

/* Begin XCBuildConfiguration section */
		6244B0F82A541C4F009FFB5C /* Debug */ = {
			isa = XCBuildConfiguration;
			buildSettings = {
				ALWAYS_SEARCH_USER_PATHS = NO;
				CLANG_ANALYZER_NONNULL = YES;
				CLANG_ANALYZER_NUMBER_OBJECT_CONVERSION = YES_AGGRESSIVE;
				CLANG_CXX_LANGUAGE_STANDARD = "gnu++20";
				CLANG_ENABLE_MODULES = YES;
				CLANG_ENABLE_OBJC_ARC = YES;
				CLANG_ENABLE_OBJC_WEAK = YES;
				CLANG_WARN_BLOCK_CAPTURE_AUTORELEASING = YES;
				CLANG_WARN_BOOL_CONVERSION = YES;
				CLANG_WARN_COMMA = YES;
				CLANG_WARN_CONSTANT_CONVERSION = YES;
				CLANG_WARN_DEPRECATED_OBJC_IMPLEMENTATIONS = YES;
				CLANG_WARN_DIRECT_OBJC_ISA_USAGE = YES_ERROR;
				CLANG_WARN_DOCUMENTATION_COMMENTS = YES;
				CLANG_WARN_EMPTY_BODY = YES;
				CLANG_WARN_ENUM_CONVERSION = YES;
				CLANG_WARN_INFINITE_RECURSION = YES;
				CLANG_WARN_INT_CONVERSION = YES;
				CLANG_WARN_NON_LITERAL_NULL_CONVERSION = YES;
				CLANG_WARN_OBJC_IMPLICIT_RETAIN_SELF = YES;
				CLANG_WARN_OBJC_LITERAL_CONVERSION = YES;
				CLANG_WARN_OBJC_ROOT_CLASS = YES_ERROR;
				CLANG_WARN_QUOTED_INCLUDE_IN_FRAMEWORK_HEADER = YES;
				CLANG_WARN_RANGE_LOOP_ANALYSIS = YES;
				CLANG_WARN_STRICT_PROTOTYPES = YES;
				CLANG_WARN_SUSPICIOUS_MOVE = YES;
				CLANG_WARN_UNGUARDED_AVAILABILITY = YES_AGGRESSIVE;
				CLANG_WARN_UNREACHABLE_CODE = YES;
				CLANG_WARN__DUPLICATE_METHOD_MATCH = YES;
				COPY_PHASE_STRIP = NO;
				DEBUG_INFORMATION_FORMAT = dwarf;
				ENABLE_STRICT_OBJC_MSGSEND = YES;
				ENABLE_TESTABILITY = YES;
				GCC_C_LANGUAGE_STANDARD = gnu11;
				GCC_DYNAMIC_NO_PIC = NO;
				GCC_NO_COMMON_BLOCKS = YES;
				GCC_OPTIMIZATION_LEVEL = 0;
				GCC_PREPROCESSOR_DEFINITIONS = (
					"DEBUG=1",
					"$(inherited)",
				);
				GCC_WARN_64_TO_32_BIT_CONVERSION = YES;
				GCC_WARN_ABOUT_RETURN_TYPE = YES_ERROR;
				GCC_WARN_UNDECLARED_SELECTOR = YES;
				GCC_WARN_UNINITIALIZED_AUTOS = YES_AGGRESSIVE;
				GCC_WARN_UNUSED_FUNCTION = YES;
				GCC_WARN_UNUSED_VARIABLE = YES;
				IPHONEOS_DEPLOYMENT_TARGET = 16.4;
				MTL_ENABLE_DEBUG_INFO = INCLUDE_SOURCE;
				MTL_FAST_MATH = YES;
				ONLY_ACTIVE_ARCH = YES;
				SDKROOT = iphoneos;
				SWIFT_ACTIVE_COMPILATION_CONDITIONS = DEBUG;
				SWIFT_OPTIMIZATION_LEVEL = "-Onone";
			};
			name = Debug;
		};
		6244B0F92A541C4F009FFB5C /* Release */ = {
			isa = XCBuildConfiguration;
			buildSettings = {
				ALWAYS_SEARCH_USER_PATHS = NO;
				CLANG_ANALYZER_NONNULL = YES;
				CLANG_ANALYZER_NUMBER_OBJECT_CONVERSION = YES_AGGRESSIVE;
				CLANG_CXX_LANGUAGE_STANDARD = "gnu++20";
				CLANG_ENABLE_MODULES = YES;
				CLANG_ENABLE_OBJC_ARC = YES;
				CLANG_ENABLE_OBJC_WEAK = YES;
				CLANG_WARN_BLOCK_CAPTURE_AUTORELEASING = YES;
				CLANG_WARN_BOOL_CONVERSION = YES;
				CLANG_WARN_COMMA = YES;
				CLANG_WARN_CONSTANT_CONVERSION = YES;
				CLANG_WARN_DEPRECATED_OBJC_IMPLEMENTATIONS = YES;
				CLANG_WARN_DIRECT_OBJC_ISA_USAGE = YES_ERROR;
				CLANG_WARN_DOCUMENTATION_COMMENTS = YES;
				CLANG_WARN_EMPTY_BODY = YES;
				CLANG_WARN_ENUM_CONVERSION = YES;
				CLANG_WARN_INFINITE_RECURSION = YES;
				CLANG_WARN_INT_CONVERSION = YES;
				CLANG_WARN_NON_LITERAL_NULL_CONVERSION = YES;
				CLANG_WARN_OBJC_IMPLICIT_RETAIN_SELF = YES;
				CLANG_WARN_OBJC_LITERAL_CONVERSION = YES;
				CLANG_WARN_OBJC_ROOT_CLASS = YES_ERROR;
				CLANG_WARN_QUOTED_INCLUDE_IN_FRAMEWORK_HEADER = YES;
				CLANG_WARN_RANGE_LOOP_ANALYSIS = YES;
				CLANG_WARN_STRICT_PROTOTYPES = YES;
				CLANG_WARN_SUSPICIOUS_MOVE = YES;
				CLANG_WARN_UNGUARDED_AVAILABILITY = YES_AGGRESSIVE;
				CLANG_WARN_UNREACHABLE_CODE = YES;
				CLANG_WARN__DUPLICATE_METHOD_MATCH = YES;
				COPY_PHASE_STRIP = NO;
				DEBUG_INFORMATION_FORMAT = "dwarf-with-dsym";
				ENABLE_NS_ASSERTIONS = NO;
				ENABLE_STRICT_OBJC_MSGSEND = YES;
				GCC_C_LANGUAGE_STANDARD = gnu11;
				GCC_NO_COMMON_BLOCKS = YES;
				GCC_WARN_64_TO_32_BIT_CONVERSION = YES;
				GCC_WARN_ABOUT_RETURN_TYPE = YES_ERROR;
				GCC_WARN_UNDECLARED_SELECTOR = YES;
				GCC_WARN_UNINITIALIZED_AUTOS = YES_AGGRESSIVE;
				GCC_WARN_UNUSED_FUNCTION = YES;
				GCC_WARN_UNUSED_VARIABLE = YES;
				IPHONEOS_DEPLOYMENT_TARGET = 16.4;
				MTL_ENABLE_DEBUG_INFO = NO;
				MTL_FAST_MATH = YES;
				SDKROOT = iphoneos;
				SWIFT_COMPILATION_MODE = wholemodule;
				SWIFT_OPTIMIZATION_LEVEL = "-O";
				VALIDATE_PRODUCT = YES;
			};
			name = Release;
		};
		6244B0FB2A541C4F009FFB5C /* Debug */ = {
			isa = XCBuildConfiguration;
			buildSettings = {
				ASSETCATALOG_COMPILER_APPICON_NAME = AppIcon;
				ASSETCATALOG_COMPILER_GLOBAL_ACCENT_COLOR_NAME = AccentColor;
				CODE_SIGN_STYLE = Automatic;
				CURRENT_PROJECT_VERSION = 1;
				DEVELOPMENT_ASSET_PATHS = "\"NavigationAPI/Preview Content\"";
				DEVELOPMENT_TEAM = YT2ARWM4PW;
				ENABLE_PREVIEWS = YES;
				GENERATE_INFOPLIST_FILE = YES;
				INFOPLIST_KEY_UIApplicationSceneManifest_Generation = YES;
				INFOPLIST_KEY_UIApplicationSupportsIndirectInputEvents = YES;
				INFOPLIST_KEY_UILaunchScreen_Generation = YES;
				INFOPLIST_KEY_UISupportedInterfaceOrientations_iPad = "UIInterfaceOrientationPortrait UIInterfaceOrientationPortraitUpsideDown UIInterfaceOrientationLandscapeLeft UIInterfaceOrientationLandscapeRight";
				INFOPLIST_KEY_UISupportedInterfaceOrientations_iPhone = "UIInterfaceOrientationPortrait UIInterfaceOrientationLandscapeLeft UIInterfaceOrientationLandscapeRight";
				LD_RUNPATH_SEARCH_PATHS = (
					"$(inherited)",
					"@executable_path/Frameworks",
				);
				MARKETING_VERSION = 1.0;
				PRODUCT_BUNDLE_IDENTIFIER = com.codding.NavigationAPI;
				PRODUCT_NAME = "$(TARGET_NAME)";
				SWIFT_EMIT_LOC_STRINGS = YES;
				SWIFT_VERSION = 5.0;
				TARGETED_DEVICE_FAMILY = "1,2";
			};
			name = Debug;
		};
		6244B0FC2A541C4F009FFB5C /* Release */ = {
			isa = XCBuildConfiguration;
			buildSettings = {
				ASSETCATALOG_COMPILER_APPICON_NAME = AppIcon;
				ASSETCATALOG_COMPILER_GLOBAL_ACCENT_COLOR_NAME = AccentColor;
				CODE_SIGN_STYLE = Automatic;
				CURRENT_PROJECT_VERSION = 1;
				DEVELOPMENT_ASSET_PATHS = "\"NavigationAPI/Preview Content\"";
				DEVELOPMENT_TEAM = YT2ARWM4PW;
				ENABLE_PREVIEWS = YES;
				GENERATE_INFOPLIST_FILE = YES;
				INFOPLIST_KEY_UIApplicationSceneManifest_Generation = YES;
				INFOPLIST_KEY_UIApplicationSupportsIndirectInputEvents = YES;
				INFOPLIST_KEY_UILaunchScreen_Generation = YES;
				INFOPLIST_KEY_UISupportedInterfaceOrientations_iPad = "UIInterfaceOrientationPortrait UIInterfaceOrientationPortraitUpsideDown UIInterfaceOrientationLandscapeLeft UIInterfaceOrientationLandscapeRight";
				INFOPLIST_KEY_UISupportedInterfaceOrientations_iPhone = "UIInterfaceOrientationPortrait UIInterfaceOrientationLandscapeLeft UIInterfaceOrientationLandscapeRight";
				LD_RUNPATH_SEARCH_PATHS = (
					"$(inherited)",
					"@executable_path/Frameworks",
				);
				MARKETING_VERSION = 1.0;
				PRODUCT_BUNDLE_IDENTIFIER = com.codding.NavigationAPI;
				PRODUCT_NAME = "$(TARGET_NAME)";
				SWIFT_EMIT_LOC_STRINGS = YES;
				SWIFT_VERSION = 5.0;
				TARGETED_DEVICE_FAMILY = "1,2";
			};
			name = Release;
		};
/* End XCBuildConfiguration section */

/* Begin XCConfigurationList section */
		6244B0E72A541C4E009FFB5C /* Build configuration list for PBXProject "NavigationAPI" */ = {
			isa = XCConfigurationList;
			buildConfigurations = (
				6244B0F82A541C4F009FFB5C /* Debug */,
				6244B0F92A541C4F009FFB5C /* Release */,
			);
			defaultConfigurationIsVisible = 0;
			defaultConfigurationName = Release;
		};
		6244B0FA2A541C4F009FFB5C /* Build configuration list for PBXNativeTarget "NavigationAPI" */ = {
			isa = XCConfigurationList;
			buildConfigurations = (
				6244B0FB2A541C4F009FFB5C /* Debug */,
				6244B0FC2A541C4F009FFB5C /* Release */,
			);
			defaultConfigurationIsVisible = 0;
			defaultConfigurationName = Release;
		};
/* End XCConfigurationList section */
	};
	rootObject = 6244B0E42A541C4E009FFB5C /* Project object */;
}
